
Microsoft Visual Studio Solution File, Format Version 12.00
# Visual Studio Version 17
VisualStudioVersion = 17.8.34525.116
MinimumVisualStudioVersion = 10.0.40219.1
Project("{FAE04EC0-301F-11D3-BF4B-00C04F79EFBC}") = "ConsoleMenu", "ConsoleMenu\ConsoleMenu.csproj", "{C6FCBCEB-4007-498C-A4B0-F2F30BC2E8DD}"
EndProject
Global
	GlobalSection(SolutionConfigurationPlatforms) = preSolution
		Debug|Any CPU = Debug|Any CPU
		Release|Any CPU = Release|Any CPU
	EndGlobalSection
	GlobalSection(ProjectConfigurationPlatforms) = postSolution
		{C6FCBCEB-4007-498C-A4B0-F2F30BC2E8DD}.Debug|Any CPU.ActiveCfg = Debug|Any CPU
		{C6FCBCEB-4007-498C-A4B0-F2F30BC2E8DD}.Debug|Any CPU.Build.0 = Debug|Any CPU
		{C6FCBCEB-4007-498C-A4B0-F2F30BC2E8DD}.Release|Any CPU.ActiveCfg = Release|Any CPU
		{C6FCBCEB-4007-498C-A4B0-F2F30BC2E8DD}.Release|Any CPU.Build.0 = Release|Any CPU
	EndGlobalSection
	GlobalSection(SolutionProperties) = preSolution
		HideSolutionNode = FALSE
	EndGlobalSection
	GlobalSection(ExtensibilityGlobals) = postSolution
		SolutionGuid = {1B1CCA2D-D085-4131-8135-0F14DB4B3630}
	EndGlobalSection
EndGlobal
